
Microsoft Visual Studio Solution File, Format Version 12.00
# Visual Studio 15
VisualStudioVersion = 15.0.28307.489
MinimumVisualStudioVersion = 10.0.40219.1
Project("{FAE04EC0-301F-11D3-BF4B-00C04F79EFBC}") = "CadastroOrdemServico", "CadastroOrdemServico\CadastroOrdemServico.csproj", "{6189AEB1-7A79-47AC-ABD9-7249D42D8EE6}"
EndProject
Global
	GlobalSection(SolutionConfigurationPlatforms) = preSolution
		Debug|Any CPU = Debug|Any CPU
		Release|Any CPU = Release|Any CPU
	EndGlobalSection
	GlobalSection(ProjectConfigurationPlatforms) = postSolution
		{6189AEB1-7A79-47AC-ABD9-7249D42D8EE6}.Debug|Any CPU.ActiveCfg = Debug|Any CPU
		{6189AEB1-7A79-47AC-ABD9-7249D42D8EE6}.Debug|Any CPU.Build.0 = Debug|Any CPU
		{6189AEB1-7A79-47AC-ABD9-7249D42D8EE6}.Release|Any CPU.ActiveCfg = Release|Any CPU
		{6189AEB1-7A79-47AC-ABD9-7249D42D8EE6}.Release|Any CPU.Build.0 = Release|Any CPU
	EndGlobalSection
	GlobalSection(SolutionProperties) = preSolution
		HideSolutionNode = FALSE
	EndGlobalSection
	GlobalSection(ExtensibilityGlobals) = postSolution
		SolutionGuid = {3BB7DC76-C4A1-400A-875A-8B3A6249AE51}
	EndGlobalSection
EndGlobal
